
Microsoft Visual Studio Solution File, Format Version 12.00
# Visual Studio Version 16
VisualStudioVersion = 16.0.29306.81
MinimumVisualStudioVersion = 10.0.40219.1
Project("{2150E333-8FDC-42A3-9474-1A3956D46DE8}") = "2. Application", "2. Application", "{ABE68D2A-E3F5-403C-A5D0-E820252C3604}"
EndProject
Project("{2150E333-8FDC-42A3-9474-1A3956D46DE8}") = "2.1. BusinessLogic", "2.1. BusinessLogic", "{3F864CB9-6390-48AD-B334-A83BE947FEB1}"
EndProject
Project("{2150E333-8FDC-42A3-9474-1A3956D46DE8}") = "3. DataAccess", "3. DataAccess", "{46BA2CC9-2AE0-437E-99BC-02BA87C2EC3F}"
EndProject
Project("{2150E333-8FDC-42A3-9474-1A3956D46DE8}") = "CrossCutting", "CrossCutting", "{556A488F-9F0B-43FF-B4E7-FCEBED2B88A0}"
EndProject
Project("{2150E333-8FDC-42A3-9474-1A3956D46DE8}") = "1. Api", "1. Api", "{EB2D5FA6-397D-4489-B612-6003FDDD7577}"
EndProject
Project("{9A19103F-16F7-4668-BE54-9A1E7A4F7556}") = "MuniSayan.CrossCutting", "MuniSayan.CrossCutting\MuniSayan.CrossCutting.csproj", "{5480207E-54B1-4B0F-BE4F-D478F8490BA2}"
EndProject
Project("{9A19103F-16F7-4668-BE54-9A1E7A4F7556}") = "MuniSayan.DataAccess", "MuniSayan.DataAccess\MuniSayan.DataAccess.csproj", "{7895CDDD-1810-4D0D-B362-91F6BCA491B8}"
EndProject
Project("{9A19103F-16F7-4668-BE54-9A1E7A4F7556}") = "MuniSayan.DataAccess.Contracts", "MuniSayan.DataAccess.Contracts\MuniSayan.DataAccess.Contracts.csproj", "{7D856AD8-F591-4E7F-894C-0996CAE65108}"
EndProject
Project("{9A19103F-16F7-4668-BE54-9A1E7A4F7556}") = "MuniSayan.BusinessLogic", "MuniSayan.BusinessLogic\MuniSayan.BusinessLogic.csproj", "{9163FEA5-A978-44BB-9BA9-661279F7E135}"
EndProject
Project("{9A19103F-16F7-4668-BE54-9A1E7A4F7556}") = "MuniSayan.Application", "MuniSayan.Application\MuniSayan.Application.csproj", "{D31C1546-C9CB-434B-ABC3-E6863A160850}"
EndProject
Project("{9A19103F-16F7-4668-BE54-9A1E7A4F7556}") = "MuniSayan.Application.Contracts", "MuniSayan.Application.Contracts\MuniSayan.Application.Contracts.csproj", "{36A13DC9-F707-4CDF-91E7-B93E29EF34C1}"
EndProject
Project("{9A19103F-16F7-4668-BE54-9A1E7A4F7556}") = "MuniSayan.Api", "MuniSayan.Api\MuniSayan.Api.csproj", "{73B21A3C-F617-44F5-A2C3-6E32210841F9}"
EndProject
Global
	GlobalSection(SolutionConfigurationPlatforms) = preSolution
		Debug|Any CPU = Debug|Any CPU
		Release|Any CPU = Release|Any CPU
	EndGlobalSection
	GlobalSection(ProjectConfigurationPlatforms) = postSolution
		{5480207E-54B1-4B0F-BE4F-D478F8490BA2}.Debug|Any CPU.ActiveCfg = Debug|Any CPU
		{5480207E-54B1-4B0F-BE4F-D478F8490BA2}.Debug|Any CPU.Build.0 = Debug|Any CPU
		{5480207E-54B1-4B0F-BE4F-D478F8490BA2}.Release|Any CPU.ActiveCfg = Release|Any CPU
		{5480207E-54B1-4B0F-BE4F-D478F8490BA2}.Release|Any CPU.Build.0 = Release|Any CPU
		{7895CDDD-1810-4D0D-B362-91F6BCA491B8}.Debug|Any CPU.ActiveCfg = Debug|Any CPU
		{7895CDDD-1810-4D0D-B362-91F6BCA491B8}.Debug|Any CPU.Build.0 = Debug|Any CPU
		{7895CDDD-1810-4D0D-B362-91F6BCA491B8}.Release|Any CPU.ActiveCfg = Release|Any CPU
		{7895CDDD-1810-4D0D-B362-91F6BCA491B8}.Release|Any CPU.Build.0 = Release|Any CPU
		{7D856AD8-F591-4E7F-894C-0996CAE65108}.Debug|Any CPU.ActiveCfg = Debug|Any CPU
		{7D856AD8-F591-4E7F-894C-0996CAE65108}.Debug|Any CPU.Build.0 = Debug|Any CPU
		{7D856AD8-F591-4E7F-894C-0996CAE65108}.Release|Any CPU.ActiveCfg = Release|Any CPU
		{7D856AD8-F591-4E7F-894C-0996CAE65108}.Release|Any CPU.Build.0 = Release|Any CPU
		{9163FEA5-A978-44BB-9BA9-661279F7E135}.Debug|Any CPU.ActiveCfg = Debug|Any CPU
		{9163FEA5-A978-44BB-9BA9-661279F7E135}.Debug|Any CPU.Build.0 = Debug|Any CPU
		{9163FEA5-A978-44BB-9BA9-661279F7E135}.Release|Any CPU.ActiveCfg = Release|Any CPU
		{9163FEA5-A978-44BB-9BA9-661279F7E135}.Release|Any CPU.Build.0 = Release|Any CPU
		{D31C1546-C9CB-434B-ABC3-E6863A160850}.Debug|Any CPU.ActiveCfg = Debug|Any CPU
		{D31C1546-C9CB-434B-ABC3-E6863A160850}.Debug|Any CPU.Build.0 = Debug|Any CPU
		{D31C1546-C9CB-434B-ABC3-E6863A160850}.Release|Any CPU.ActiveCfg = Release|Any CPU
		{D31C1546-C9CB-434B-ABC3-E6863A160850}.Release|Any CPU.Build.0 = Release|Any CPU
		{36A13DC9-F707-4CDF-91E7-B93E29EF34C1}.Debug|Any CPU.ActiveCfg = Debug|Any CPU
		{36A13DC9-F707-4CDF-91E7-B93E29EF34C1}.Debug|Any CPU.Build.0 = Debug|Any CPU
		{36A13DC9-F707-4CDF-91E7-B93E29EF34C1}.Release|Any CPU.ActiveCfg = Release|Any CPU
		{36A13DC9-F707-4CDF-91E7-B93E29EF34C1}.Release|Any CPU.Build.0 = Release|Any CPU
		{73B21A3C-F617-44F5-A2C3-6E32210841F9}.Debug|Any CPU.ActiveCfg = Debug|Any CPU
		{73B21A3C-F617-44F5-A2C3-6E32210841F9}.Debug|Any CPU.Build.0 = Debug|Any CPU
		{73B21A3C-F617-44F5-A2C3-6E32210841F9}.Release|Any CPU.ActiveCfg = Release|Any CPU
		{73B21A3C-F617-44F5-A2C3-6E32210841F9}.Release|Any CPU.Build.0 = Release|Any CPU
	EndGlobalSection
	GlobalSection(SolutionProperties) = preSolution
		HideSolutionNode = FALSE
	EndGlobalSection
	GlobalSection(NestedProjects) = preSolution
		{5480207E-54B1-4B0F-BE4F-D478F8490BA2} = {556A488F-9F0B-43FF-B4E7-FCEBED2B88A0}
		{7895CDDD-1810-4D0D-B362-91F6BCA491B8} = {46BA2CC9-2AE0-437E-99BC-02BA87C2EC3F}
		{7D856AD8-F591-4E7F-894C-0996CAE65108} = {46BA2CC9-2AE0-437E-99BC-02BA87C2EC3F}
		{9163FEA5-A978-44BB-9BA9-661279F7E135} = {3F864CB9-6390-48AD-B334-A83BE947FEB1}
		{D31C1546-C9CB-434B-ABC3-E6863A160850} = {ABE68D2A-E3F5-403C-A5D0-E820252C3604}
		{36A13DC9-F707-4CDF-91E7-B93E29EF34C1} = {ABE68D2A-E3F5-403C-A5D0-E820252C3604}
		{73B21A3C-F617-44F5-A2C3-6E32210841F9} = {EB2D5FA6-397D-4489-B612-6003FDDD7577}
	EndGlobalSection
	GlobalSection(ExtensibilityGlobals) = postSolution
		SolutionGuid = {0C675531-AC62-49F8-8647-C8BD472460F2}
	EndGlobalSection
EndGlobal
